<?xml version="1.0" encoding="utf-8"?>
<Project ToolsVersion="4.0" xmlns="http://schemas.microsoft.com/developer/msbuild/2003">
  <ItemGroup>
    <!-- FILTRY DLA ŹRÓDEŁ -->
    <Filter Include="Source Files">
      <UniqueIdentifier>{4FC737F1-C7A5-4376-A066-2A32D752A2FF}</UniqueIdentifier>
      <Extensions>cpp;c;cc;cxx;c++;cppm;ixx;def;odl;idl;hpj;bat;asm;asmx</Extensions>
    </Filter>
    <Filter Include="Source Files\Core">
      <UniqueIdentifier>{A1B2C3D4-E5F6-7890-AB12-CD34EF56GH78}</UniqueIdentifier>
    </Filter>
    <Filter Include="Source Files\Graphics">
      <UniqueIdentifier>{B2C3D4E5-F6A7-8901-BC23-DE45F678GH89}</UniqueIdentifier>
    </Filter>
    <Filter Include="Source Files\Utils">
      <UniqueIdentifier>{D4E5F6A7-B8C9-0123-DE45-F67890ABIJ01}</UniqueIdentifier>
    </Filter>
    
    <!-- FILTRY DLA NAGŁÓWKÓW -->
    <Filter Include="Header Files">
      <UniqueIdentifier>{93995380-89BD-4b04-88EB-625FBE52EBFB}</UniqueIdentifier>
      <Extensions>h;hh;hpp;hxx;h++;hm;inl;inc;ipp;xsd</Extensions>
    </Filter>
    <Filter Include="Header Files\Core">
      <UniqueIdentifier>{E5F6A7B8-C9D0-1234-EF56-7890ABJKLM12}</UniqueIdentifier>
    </Filter>
    <Filter Include="Header Files\Graphics">
      <UniqueIdentifier>{C3D4E5F6-A7B8-9012-CD34-EF567890HI90}</UniqueIdentifier>
    </Filter>
    
    <!-- FILTRY DLA SHADERÓW -->
    <Filter Include="Shader Files">
      <UniqueIdentifier>{67DA6AB6-F800-4c08-8B7A-83BB121AAD01}</UniqueIdentifier>
      <Extensions>glsl</Extensions>
    </Filter>
  </ItemGroup>
  
  <!-- PLIKI ŹRÓDŁOWE -->
  <ItemGroup>
    <ClCompile Include="src\core\Main.cpp">
      <Filter>Source Files\Core</Filter>
    </ClCompile>
    <ClCompile Include="src\graphics\Camera.cpp">
      <Filter>Source Files\Graphics</Filter>
    </ClCompile>
    <ClCompile Include="src\graphics\Model.cpp">
      <Filter>Source Files\Graphics</Filter>
    </ClCompile>
    <ClCompile Include="src\graphics\Shader.cpp">
      <Filter>Source Files\Graphics</Filter>
    </ClCompile>
    <ClCompile Include="src\utils\glad.c">
      <Filter>Source Files\Utils</Filter>
    </ClCompile>
  </ItemGroup>
  
  <!-- SHADERY -->
  <ItemGroup>
    <None Include="shaders\testShader1\fragment_shader.glsl">
      <Filter>Shader Files</Filter>
    </None>
    <None Include="shaders\testShader1\vertex_shader.glsl">
      <Filter>Shader Files</Filter>
    </None>
  </ItemGroup>
  
  <!-- NAGŁÓWKI -->
  <ItemGroup>
    <ClInclude Include="src\core\app.h">
      <Filter>Header Files\Core</Filter>
    </ClInclude>
    <ClInclude Include="src\graphics\Camera.h">
      <Filter>Header Files\Graphics</Filter>
    </ClInclude>
    <ClInclude Include="src\graphics\Model.h">
      <Filter>Header Files\Graphics</Filter>
    </ClInclude>
    <ClInclude Include="src\graphics\Shader.h">
      <Filter>Header Files\Graphics</Filter>
    </ClInclude>
  </ItemGroup>
</Project>